
Microsoft Visual Studio Solution File, Format Version 12.00
# Visual Studio 14
VisualStudioVersion = 14.0.25420.1
MinimumVisualStudioVersion = 10.0.40219.1
Project("{2150E333-8FDC-42A3-9474-1A3956D46DE8}") = "src", "src", "{E341037E-C9DC-441A-8D76-A2DAFD13BE5B}"
EndProject
Project("{2150E333-8FDC-42A3-9474-1A3956D46DE8}") = "Solution Items", "Solution Items", "{64F919D1-51EE-464C-91AD-0A5B9B3A8CE3}"
	ProjectSection(SolutionItems) = preProject
		global.json = global.json
	EndProjectSection
EndProject
Project("{8BB2217D-0F2D-49D1-97BC-3654ED321F3B}") = "CustomBindingDemo", "src\CustomBindingDemo\CustomBindingDemo.xproj", "{DE430658-7D6C-4D96-AFB7-2B454094130F}"
EndProject
Global
	GlobalSection(SolutionConfigurationPlatforms) = preSolution
		Debug|Any CPU = Debug|Any CPU
		Release|Any CPU = Release|Any CPU
	EndGlobalSection
	GlobalSection(ProjectConfigurationPlatforms) = postSolution
		{DE430658-7D6C-4D96-AFB7-2B454094130F}.Debug|Any CPU.ActiveCfg = Debug|Any CPU
		{DE430658-7D6C-4D96-AFB7-2B454094130F}.Debug|Any CPU.Build.0 = Debug|Any CPU
		{DE430658-7D6C-4D96-AFB7-2B454094130F}.Release|Any CPU.ActiveCfg = Release|Any CPU
		{DE430658-7D6C-4D96-AFB7-2B454094130F}.Release|Any CPU.Build.0 = Release|Any CPU
	EndGlobalSection
	GlobalSection(SolutionProperties) = preSolution
		HideSolutionNode = FALSE
	EndGlobalSection
	GlobalSection(NestedProjects) = preSolution
		{DE430658-7D6C-4D96-AFB7-2B454094130F} = {E341037E-C9DC-441A-8D76-A2DAFD13BE5B}
	EndGlobalSection
EndGlobal
